{
  "name": "frida-uikit",
  "version": "6.0.0",
  "lockfileVersion": 3,
  "requires": true,
  "packages": {
    "": {
      "name": "frida-uikit",
      "version": "6.0.0",
      "license": "MIT",
      "devDependencies": {
        "frida-objc-bridge": "^8.0.5"
      }
    },
    "node_modules/frida-objc-bridge": {
      "version": "8.0.5",
      "resolved": "https://registry.npmjs.org/frida-objc-bridge/-/frida-objc-bridge-8.0.5.tgz",
      "integrity": "sha512-0xnL0VgxSQXgLj3S33S0kdAvLrCHSCIZb9HVraEgEyKnf9wOcu0KZ9fI5xzx0e0y+ry/g2Vl3yw9j3dsn92Ffg==",
      "dev": true
    }
  }
}
